
Microsoft Visual Studio Solution File, Format Version 12.00
# Visual Studio 15
VisualStudioVersion = 15.0.28307.705
MinimumVisualStudioVersion = 10.0.40219.1
Project("{9A19103F-16F7-4668-BE54-9A1E7A4F7556}") = "HeadlessChrome.WindowsService", "HeadlessChrome.WindowsService\HeadlessChrome.WindowsService.csproj", "{0089BCA5-FF96-4739-9200-A8ABAB523251}"
EndProject
Global
	GlobalSection(SolutionConfigurationPlatforms) = preSolution
		Debug|Any CPU = Debug|Any CPU
		Release|Any CPU = Release|Any CPU
	EndGlobalSection
	GlobalSection(ProjectConfigurationPlatforms) = postSolution
		{0089BCA5-FF96-4739-9200-A8ABAB523251}.Debug|Any CPU.ActiveCfg = Debug|Any CPU
		{0089BCA5-FF96-4739-9200-A8ABAB523251}.Debug|Any CPU.Build.0 = Debug|Any CPU
		{0089BCA5-FF96-4739-9200-A8ABAB523251}.Release|Any CPU.ActiveCfg = Release|Any CPU
		{0089BCA5-FF96-4739-9200-A8ABAB523251}.Release|Any CPU.Build.0 = Release|Any CPU
	EndGlobalSection
	GlobalSection(SolutionProperties) = preSolution
		HideSolutionNode = FALSE
	EndGlobalSection
	GlobalSection(ExtensibilityGlobals) = postSolution
		SolutionGuid = {671E0AC9-5C12-400A-A181-A09933A3BB8C}
	EndGlobalSection
EndGlobal
